
Microsoft Visual Studio Solution File, Format Version 12.00
# Visual Studio Version 16
VisualStudioVersion = 16.0.30907.101
MinimumVisualStudioVersion = 10.0.40219.1
Project("{FAE04EC0-301F-11D3-BF4B-00C04F79EFBC}") = "EntityFrameworkTesti", "EntityFrameworkTesti\EntityFrameworkTesti.csproj", "{885F9D30-31D9-4CE8-B49B-79C5BF03048E}"
EndProject
Global
	GlobalSection(SolutionConfigurationPlatforms) = preSolution
		Debug|Any CPU = Debug|Any CPU
		Release|Any CPU = Release|Any CPU
	EndGlobalSection
	GlobalSection(ProjectConfigurationPlatforms) = postSolution
		{885F9D30-31D9-4CE8-B49B-79C5BF03048E}.Debug|Any CPU.ActiveCfg = Debug|Any CPU
		{885F9D30-31D9-4CE8-B49B-79C5BF03048E}.Debug|Any CPU.Build.0 = Debug|Any CPU
		{885F9D30-31D9-4CE8-B49B-79C5BF03048E}.Release|Any CPU.ActiveCfg = Release|Any CPU
		{885F9D30-31D9-4CE8-B49B-79C5BF03048E}.Release|Any CPU.Build.0 = Release|Any CPU
	EndGlobalSection
	GlobalSection(SolutionProperties) = preSolution
		HideSolutionNode = FALSE
	EndGlobalSection
	GlobalSection(ExtensibilityGlobals) = postSolution
		SolutionGuid = {2695287C-8CDE-4990-A964-8E6A98E73A2A}
	EndGlobalSection
EndGlobal
