
Microsoft Visual Studio Solution File, Format Version 12.00
# Visual Studio Version 16
VisualStudioVersion = 16.0.30907.101
MinimumVisualStudioVersion = 10.0.40219.1
Project("{FAE04EC0-301F-11D3-BF4B-00C04F79EFBC}") = "WpfDemo", "WpfDemo\WpfDemo.csproj", "{A21057C7-A040-48E3-A043-A76CD5D09390}"
EndProject
Global
	GlobalSection(SolutionConfigurationPlatforms) = preSolution
		Debug|Any CPU = Debug|Any CPU
		Release|Any CPU = Release|Any CPU
	EndGlobalSection
	GlobalSection(ProjectConfigurationPlatforms) = postSolution
		{A21057C7-A040-48E3-A043-A76CD5D09390}.Debug|Any CPU.ActiveCfg = Debug|Any CPU
		{A21057C7-A040-48E3-A043-A76CD5D09390}.Debug|Any CPU.Build.0 = Debug|Any CPU
		{A21057C7-A040-48E3-A043-A76CD5D09390}.Release|Any CPU.ActiveCfg = Release|Any CPU
		{A21057C7-A040-48E3-A043-A76CD5D09390}.Release|Any CPU.Build.0 = Release|Any CPU
	EndGlobalSection
	GlobalSection(SolutionProperties) = preSolution
		HideSolutionNode = FALSE
	EndGlobalSection
	GlobalSection(ExtensibilityGlobals) = postSolution
		SolutionGuid = {436873B6-FF47-471F-BA36-0074375A6849}
	EndGlobalSection
EndGlobal
